Microsoft Visual Studio Solution File, Format Version 12.00
# Visual Studio 2012
Project("{FAE04EC0-301F-11D3-BF4B-00C04F79EFBC}") = "Sokoban-Csharp", "Sokoban-Csharp.csproj", "{C500F631-3324-4E2F-BFCD-8A5F9BBCF755}"
EndProject
Global
	GlobalSection(SolutionConfigurationPlatforms) = preSolution
	Debug|Any CPU = Debug|Any CPU
	ExportDebug|Any CPU = ExportDebug|Any CPU
	ExportRelease|Any CPU = ExportRelease|Any CPU
	EndGlobalSection
	GlobalSection(ProjectConfigurationPlatforms) = postSolution
		{C500F631-3324-4E2F-BFCD-8A5F9BBCF755}.Debug|Any CPU.ActiveCfg = Debug|Any CPU
		{C500F631-3324-4E2F-BFCD-8A5F9BBCF755}.Debug|Any CPU.Build.0 = Debug|Any CPU
		{C500F631-3324-4E2F-BFCD-8A5F9BBCF755}.ExportDebug|Any CPU.ActiveCfg = ExportDebug|Any CPU
		{C500F631-3324-4E2F-BFCD-8A5F9BBCF755}.ExportDebug|Any CPU.Build.0 = ExportDebug|Any CPU
		{C500F631-3324-4E2F-BFCD-8A5F9BBCF755}.ExportRelease|Any CPU.ActiveCfg = ExportRelease|Any CPU
		{C500F631-3324-4E2F-BFCD-8A5F9BBCF755}.ExportRelease|Any CPU.Build.0 = ExportRelease|Any CPU
	EndGlobalSection
EndGlobal
